<Solution>
  <Folder Name="/tests/">
    <Project Path="tests/Tests.Unit/NetForge.Tests.Unit.csproj" />
    <Project Path="tests/Tests.Integration/NetForge.Tests.Integration.csproj" />
  </Folder>
  <Project Path="netforge.client/netforge.client.esproj">
    <Build />
    <Deploy />
  </Project>
  <!-- DefaultStartup makes VS pick the ASP.NET Core host as the run target on first open (F5),
       instead of defaulting to the .esproj client. Fixes it for the native 'Create a new project'
       dialog too (our extension wizard can't reach that path). -->
  <Project Path="NetForge.Server/NetForge.Server.csproj" DefaultStartup="true" />
</Solution>
